// !$*UTF8*$!
{
	archiveVersion = 1;
	classes = {
	};
	objectVersion = 50;
	objects = {

/* Begin PBXBuildFile section */
		66B5F1EADCDEC5C2510C1133 /* Pods_RedditAppTests.framework in Frameworks */ = {isa = PBXBuildFile; fileRef = 88CD4BB79E0394798712071A /* Pods_RedditAppTests.framework */; };
		767F6DD220B802A4005BE29E /* SubRedditData.swift in Sources */ = {isa = PBXBuildFile; fileRef = 767F6DD120B802A4005BE29E /* SubRedditData.swift */; };
		767F6DD420B8032A005BE29E /* PostData.swift in Sources */ = {isa = PBXBuildFile; fileRef = 767F6DD320B8032A005BE29E /* PostData.swift */; };
		767F6DDA20B8100D005BE29E /* DispatchQueueFunction.swift in Sources */ = {isa = PBXBuildFile; fileRef = 767F6DD920B8100D005BE29E /* DispatchQueueFunction.swift */; };
		767F6DDC20B8107C005BE29E /* TableViewCells.swift in Sources */ = {isa = PBXBuildFile; fileRef = 767F6DDB20B8107C005BE29E /* TableViewCells.swift */; };
		7685EFAE20A534EF0092EDAB /* IBDesignables+SnappingFlowLayout.swift in Sources */ = {isa = PBXBuildFile; fileRef = 7685EFAD20A534EF0092EDAB /* IBDesignables+SnappingFlowLayout.swift */; };
		76D3FEB720A3EDA600E3CC42 /* AppDelegate.swift in Sources */ = {isa = PBXBuildFile; fileRef = 76D3FEB620A3EDA600E3CC42 /* AppDelegate.swift */; };
		76D3FEB920A3EDA600E3CC42 /* CollectionViewController.swift in Sources */ = {isa = PBXBuildFile; fileRef = 76D3FEB820A3EDA600E3CC42 /* CollectionViewController.swift */; };
		76D3FEBC20A3EDA600E3CC42 /* Main.storyboard in Resources */ = {isa = PBXBuildFile; fileRef = 76D3FEBA20A3EDA600E3CC42 /* Main.storyboard */; };
		76D3FEBE20A3EDA700E3CC42 /* Assets.xcassets in Resources */ = {isa = PBXBuildFile; fileRef = 76D3FEBD20A3EDA700E3CC42 /* Assets.xcassets */; };
		76D3FEC120A3EDA700E3CC42 /* LaunchScreen.storyboard in Resources */ = {isa = PBXBuildFile; fileRef = 76D3FEBF20A3EDA700E3CC42 /* LaunchScreen.storyboard */; };
		76D3FECC20A3EDA700E3CC42 /* Reddit_AppTests.swift in Sources */ = {isa = PBXBuildFile; fileRef = 76D3FECB20A3EDA700E3CC42 /* Reddit_AppTests.swift */; };
		76D3FED720A3EDA700E3CC42 /* Reddit_AppUITests.swift in Sources */ = {isa = PBXBuildFile; fileRef = 76D3FED620A3EDA700E3CC42 /* Reddit_AppUITests.swift */; };
		76D3FEF020A44C7F00E3CC42 /* CollectionViewCells.swift in Sources */ = {isa = PBXBuildFile; fileRef = 76D3FEEF20A44C7F00E3CC42 /* CollectionViewCells.swift */; };
		76E0220120B426C30053456C /* SearchViewController.swift in Sources */ = {isa = PBXBuildFile; fileRef = 76E0220020B426C30053456C /* SearchViewController.swift */; };
		76E0220320B42A390053456C /* SearchResultCell.xib in Resources */ = {isa = PBXBuildFile; fileRef = 76E0220220B42A390053456C /* SearchResultCell.xib */; };
		76F237E520B15CF000C0DE3F /* YellowCell.xib in Resources */ = {isa = PBXBuildFile; fileRef = 76F237E420B15CF000C0DE3F /* YellowCell.xib */; };
		76F237E720B160C500C0DE3F /* BlueCell.xib in Resources */ = {isa = PBXBuildFile; fileRef = 76F237E620B160C500C0DE3F /* BlueCell.xib */; };
		76F237E920B1631D00C0DE3F /* SubscribeCell.xib in Resources */ = {isa = PBXBuildFile; fileRef = 76F237E820B1631D00C0DE3F /* SubscribeCell.xib */; };
		76F237EB20B1633C00C0DE3F /* ImageCell.xib in Resources */ = {isa = PBXBuildFile; fileRef = 76F237EA20B1633C00C0DE3F /* ImageCell.xib */; };
		76F662F520ABB890002DE0F0 /* JSONConstants.swift in Sources */ = {isa = PBXBuildFile; fileRef = 76F662F420ABB890002DE0F0 /* JSONConstants.swift */; };
		76F662F920ABF08B002DE0F0 /* JSONDataStore.swift in Sources */ = {isa = PBXBuildFile; fileRef = 76F662F820ABF08B002DE0F0 /* JSONDataStore.swift */; };
		76F662FB20AC33EE002DE0F0 /* DateFunctions.swift in Sources */ = {isa = PBXBuildFile; fileRef = 76F662FA20AC33EE002DE0F0 /* DateFunctions.swift */; };
		7754EB5F00D316A7178BD1EC /* Pods_RedditAppUITests.framework in Frameworks */ = {isa = PBXBuildFile; fileRef = BE466C8AC34F72BB5C25D441 /* Pods_RedditAppUITests.framework */; };
		ED68C36FD1E953D920712D96 /* Pods_RedditApp.framework in Frameworks */ = {isa = PBXBuildFile; fileRef = 5C6D25AB7FE8F7B585F4DD2E /* Pods_RedditApp.framework */; };
/* End PBXBuildFile section */

/* Begin PBXContainerItemProxy section */
		76D3FEC820A3EDA700E3CC42 /* PBXContainerItemProxy */ = {
			isa = PBXContainerItemProxy;
			containerPortal = 76D3FEAB20A3EDA600E3CC42 /* Project object */;
			proxyType = 1;
			remoteGlobalIDString = 76D3FEB220A3EDA600E3CC42;
			remoteInfo = "Reddit App";
		};
		76D3FED320A3EDA700E3CC42 /* PBXContainerItemProxy */ = {
			isa = PBXContainerItemProxy;
			containerPortal = 76D3FEAB20A3EDA600E3CC42 /* Project object */;
			proxyType = 1;
			remoteGlobalIDString = 76D3FEB220A3EDA600E3CC42;
			remoteInfo = "Reddit App";
		};
/* End PBXContainerItemProxy section */

/* Begin PBXFileReference section */
		050A9CB6AC382DE77203C7BC /* Pods-RedditApp.debug.xcconfig */ = {isa = PBXFileReference; includeInIndex = 1; lastKnownFileType = text.xcconfig; name = "Pods-RedditApp.debug.xcconfig"; path = "Pods/Target Support Files/Pods-RedditApp/Pods-RedditApp.debug.xcconfig"; sourceTree = "<group>"; };
		1A8041336051634506815FE2 /* Pods-RedditApp.release.xcconfig */ = {isa = PBXFileReference; includeInIndex = 1; lastKnownFileType = text.xcconfig; name = "Pods-RedditApp.release.xcconfig"; path = "Pods/Target Support Files/Pods-RedditApp/Pods-RedditApp.release.xcconfig"; sourceTree = "<group>"; };
		3F4B9F579F2F1C7A1DF06C3B /* Pods-RedditAppTests.debug.xcconfig */ = {isa = PBXFileReference; includeInIndex = 1; lastKnownFileType = text.xcconfig; name = "Pods-RedditAppTests.debug.xcconfig"; path = "Pods/Target Support Files/Pods-RedditAppTests/Pods-RedditAppTests.debug.xcconfig"; sourceTree = "<group>"; };
		40D091F0D83B323E935A7E30 /* Pods-RedditAppTests.release.xcconfig */ = {isa = PBXFileReference; includeInIndex = 1; lastKnownFileType = text.xcconfig; name = "Pods-RedditAppTests.release.xcconfig"; path = "Pods/Target Support Files/Pods-RedditAppTests/Pods-RedditAppTests.release.xcconfig"; sourceTree = "<group>"; };
		5C6D25AB7FE8F7B585F4DD2E /* Pods_RedditApp.framework */ = {isa = PBXFileReference; explicitFileType = wrapper.framework; includeInIndex = 0; path = Pods_RedditApp.framework; sourceTree = BUILT_PRODUCTS_DIR; };
		767F6DD120B802A4005BE29E /* SubRedditData.swift */ = {isa = PBXFileReference; lastKnownFileType = sourcecode.swift; path = SubRedditData.swift; sourceTree = "<group>"; };
		767F6DD320B8032A005BE29E /* PostData.swift */ = {isa = PBXFileReference; lastKnownFileType = sourcecode.swift; path = PostData.swift; sourceTree = "<group>"; };
		767F6DD920B8100D005BE29E /* DispatchQueueFunction.swift */ = {isa = PBXFileReference; lastKnownFileType = sourcecode.swift; path = DispatchQueueFunction.swift; sourceTree = "<group>"; };
		767F6DDB20B8107C005BE29E /* TableViewCells.swift */ = {isa = PBXFileReference; lastKnownFileType = sourcecode.swift; path = TableViewCells.swift; sourceTree = "<group>"; };
		7685EFAD20A534EF0092EDAB /* IBDesignables+SnappingFlowLayout.swift */ = {isa = PBXFileReference; lastKnownFileType = sourcecode.swift; path = "IBDesignables+SnappingFlowLayout.swift"; sourceTree = "<group>"; };
		76D3FEB320A3EDA600E3CC42 /* RedditApp.app */ = {isa = PBXFileReference; explicitFileType = wrapper.application; includeInIndex = 0; path = RedditApp.app; sourceTree = BUILT_PRODUCTS_DIR; };
		76D3FEB620A3EDA600E3CC42 /* AppDelegate.swift */ = {isa = PBXFileReference; lastKnownFileType = sourcecode.swift; path = AppDelegate.swift; sourceTree = "<group>"; };
		76D3FEB820A3EDA600E3CC42 /* CollectionViewController.swift */ = {isa = PBXFileReference; lastKnownFileType = sourcecode.swift; path = CollectionViewController.swift; sourceTree = "<group>"; };
		76D3FEBB20A3EDA600E3CC42 /* Base */ = {isa = PBXFileReference; lastKnownFileType = file.storyboard; name = Base; path = Base.lproj/Main.storyboard; sourceTree = "<group>"; };
		76D3FEBD20A3EDA700E3CC42 /* Assets.xcassets */ = {isa = PBXFileReference; lastKnownFileType = folder.assetcatalog; path = Assets.xcassets; sourceTree = "<group>"; };
		76D3FEC020A3EDA700E3CC42 /* Base */ = {isa = PBXFileReference; lastKnownFileType = file.storyboard; name = Base; path = Base.lproj/LaunchScreen.storyboard; sourceTree = "<group>"; };
		76D3FEC220A3EDA700E3CC42 /* Info.plist */ = {isa = PBXFileReference; lastKnownFileType = text.plist.xml; path = Info.plist; sourceTree = "<group>"; };
		76D3FEC720A3EDA700E3CC42 /* RedditAppTests.xctest */ = {isa = PBXFileReference; explicitFileType = wrapper.cfbundle; includeInIndex = 0; path = RedditAppTests.xctest; sourceTree = BUILT_PRODUCTS_DIR; };
		76D3FECB20A3EDA700E3CC42 /* Reddit_AppTests.swift */ = {isa = PBXFileReference; lastKnownFileType = sourcecode.swift; path = Reddit_AppTests.swift; sourceTree = "<group>"; };
		76D3FECD20A3EDA700E3CC42 /* Info.plist */ = {isa = PBXFileReference; lastKnownFileType = text.plist.xml; path = Info.plist; sourceTree = "<group>"; };
		76D3FED220A3EDA700E3CC42 /* RedditAppUITests.xctest */ = {isa = PBXFileReference; explicitFileType = wrapper.cfbundle; includeInIndex = 0; path = RedditAppUITests.xctest; sourceTree = BUILT_PRODUCTS_DIR; };
		76D3FED620A3EDA700E3CC42 /* Reddit_AppUITests.swift */ = {isa = PBXFileReference; lastKnownFileType = sourcecode.swift; path = Reddit_AppUITests.swift; sourceTree = "<group>"; };
		76D3FED820A3EDA700E3CC42 /* Info.plist */ = {isa = PBXFileReference; lastKnownFileType = text.plist.xml; path = Info.plist; sourceTree = "<group>"; };
		76D3FEEF20A44C7F00E3CC42 /* CollectionViewCells.swift */ = {isa = PBXFileReference; lastKnownFileType = sourcecode.swift; path = CollectionViewCells.swift; sourceTree = "<group>"; };
		76E0220020B426C30053456C /* SearchViewController.swift */ = {isa = PBXFileReference; lastKnownFileType = sourcecode.swift; path = SearchViewController.swift; sourceTree = "<group>"; };
		76E0220220B42A390053456C /* SearchResultCell.xib */ = {isa = PBXFileReference; lastKnownFileType = file.xib; path = SearchResultCell.xib; sourceTree = "<group>"; };
		76F237E420B15CF000C0DE3F /* YellowCell.xib */ = {isa = PBXFileReference; lastKnownFileType = file.xib; path = YellowCell.xib; sourceTree = "<group>"; };
		76F237E620B160C500C0DE3F /* BlueCell.xib */ = {isa = PBXFileReference; lastKnownFileType = file.xib; path = BlueCell.xib; sourceTree = "<group>"; };
		76F237E820B1631D00C0DE3F /* SubscribeCell.xib */ = {isa = PBXFileReference; lastKnownFileType = file.xib; path = SubscribeCell.xib; sourceTree = "<group>"; };
		76F237EA20B1633C00C0DE3F /* ImageCell.xib */ = {isa = PBXFileReference; lastKnownFileType = file.xib; path = ImageCell.xib; sourceTree = "<group>"; };
		76F662F420ABB890002DE0F0 /* JSONConstants.swift */ = {isa = PBXFileReference; lastKnownFileType = sourcecode.swift; path = JSONConstants.swift; sourceTree = "<group>"; };
		76F662F820ABF08B002DE0F0 /* JSONDataStore.swift */ = {isa = PBXFileReference; lastKnownFileType = sourcecode.swift; path = JSONDataStore.swift; sourceTree = "<group>"; };
		76F662FA20AC33EE002DE0F0 /* DateFunctions.swift */ = {isa = PBXFileReference; lastKnownFileType = sourcecode.swift; path = DateFunctions.swift; sourceTree = "<group>"; };
		88CD4BB79E0394798712071A /* Pods_RedditAppTests.framework */ = {isa = PBXFileReference; explicitFileType = wrapper.framework; includeInIndex = 0; path = Pods_RedditAppTests.framework; sourceTree = BUILT_PRODUCTS_DIR; };
		8ADCCA721B776E4E30E057D2 /* Pods-RedditAppUITests.debug.xcconfig */ = {isa = PBXFileReference; includeInIndex = 1; lastKnownFileType = text.xcconfig; name = "Pods-RedditAppUITests.debug.xcconfig"; path = "Pods/Target Support Files/Pods-RedditAppUITests/Pods-RedditAppUITests.debug.xcconfig"; sourceTree = "<group>"; };
		AF9A679D1C5EE9358B78656D /* Pods-RedditAppUITests.release.xcconfig */ = {isa = PBXFileReference; includeInIndex = 1; lastKnownFileType = text.xcconfig; name = "Pods-RedditAppUITests.release.xcconfig"; path = "Pods/Target Support Files/Pods-RedditAppUITests/Pods-RedditAppUITests.release.xcconfig"; sourceTree = "<group>"; };
		BE466C8AC34F72BB5C25D441 /* Pods_RedditAppUITests.framework */ = {isa = PBXFileReference; explicitFileType = wrapper.framework; includeInIndex = 0; path = Pods_RedditAppUITests.framework; sourceTree = BUILT_PRODUCTS_DIR; };
/* End PBXFileReference section */

/* Begin PBXFrameworksBuildPhase section */
		76D3FEB020A3EDA600E3CC42 /* Frameworks */ = {
			isa = PBXFrameworksBuildPhase;
			buildActionMask = 2147483647;
			files = (
				ED68C36FD1E953D920712D96 /* Pods_RedditApp.framework in Frameworks */,
			);
			runOnlyForDeploymentPostprocessing = 0;
		};
		76D3FEC420A3EDA700E3CC42 /* Frameworks */ = {
			isa = PBXFrameworksBuildPhase;
			buildActionMask = 2147483647;
			files = (
				66B5F1EADCDEC5C2510C1133 /* Pods_RedditAppTests.framework in Frameworks */,
			);
			runOnlyForDeploymentPostprocessing = 0;
		};
		76D3FECF20A3EDA700E3CC42 /* Frameworks */ = {
			isa = PBXFrameworksBuildPhase;
			buildActionMask = 2147483647;
			files = (
				7754EB5F00D316A7178BD1EC /* Pods_RedditAppUITests.framework in Frameworks */,
			);
			runOnlyForDeploymentPostprocessing = 0;
		};
/* End PBXFrameworksBuildPhase section */

/* Begin PBXGroup section */
		2E6A0ED98357E616A974CC46 /* Frameworks */ = {
			isa = PBXGroup;
			children = (
				5C6D25AB7FE8F7B585F4DD2E /* Pods_RedditApp.framework */,
				88CD4BB79E0394798712071A /* Pods_RedditAppTests.framework */,
				BE466C8AC34F72BB5C25D441 /* Pods_RedditAppUITests.framework */,
			);
			name = Frameworks;
			sourceTree = "<group>";
		};
		767F6DD020B8025E005BE29E /* Models */ = {
			isa = PBXGroup;
			children = (
				767F6DD120B802A4005BE29E /* SubRedditData.swift */,
				767F6DD320B8032A005BE29E /* PostData.swift */,
			);
			path = Models;
			sourceTree = "<group>";
		};
		767F6DD520B80444005BE29E /* Views */ = {
			isa = PBXGroup;
			children = (
				76D3FEEF20A44C7F00E3CC42 /* CollectionViewCells.swift */,
				767F6DDB20B8107C005BE29E /* TableViewCells.swift */,
				7685EFAD20A534EF0092EDAB /* IBDesignables+SnappingFlowLayout.swift */,
			);
			path = Views;
			sourceTree = "<group>";
		};
		767F6DD620B80572005BE29E /* XIBs */ = {
			isa = PBXGroup;
			children = (
				76F237E420B15CF000C0DE3F /* YellowCell.xib */,
				76F237E620B160C500C0DE3F /* BlueCell.xib */,
				76F237E820B1631D00C0DE3F /* SubscribeCell.xib */,
				76E0220220B42A390053456C /* SearchResultCell.xib */,
				76F237EA20B1633C00C0DE3F /* ImageCell.xib */,
			);
			path = XIBs;
			sourceTree = "<group>";
		};
		767F6DD720B80599005BE29E /* Storyboards */ = {
			isa = PBXGroup;
			children = (
				76D3FEBA20A3EDA600E3CC42 /* Main.storyboard */,
				76D3FEBF20A3EDA700E3CC42 /* LaunchScreen.storyboard */,
			);
			path = Storyboards;
			sourceTree = "<group>";
		};
		767F6DD820B80FC3005BE29E /* API */ = {
			isa = PBXGroup;
			children = (
				76F662F820ABF08B002DE0F0 /* JSONDataStore.swift */,
				76F662F420ABB890002DE0F0 /* JSONConstants.swift */,
			);
			path = API;
			sourceTree = "<group>";
		};
		76D3FEAA20A3EDA600E3CC42 = {
			isa = PBXGroup;
			children = (
				76D3FEB520A3EDA600E3CC42 /* Reddit App */,
				76D3FECA20A3EDA700E3CC42 /* Reddit AppTests */,
				76D3FED520A3EDA700E3CC42 /* Reddit AppUITests */,
				76D3FEB420A3EDA600E3CC42 /* Products */,
				FE2B37634B917031DA868294 /* Pods */,
				2E6A0ED98357E616A974CC46 /* Frameworks */,
			);
			sourceTree = "<group>";
		};
		76D3FEB420A3EDA600E3CC42 /* Products */ = {
			isa = PBXGroup;
			children = (
				76D3FEB320A3EDA600E3CC42 /* RedditApp.app */,
				76D3FEC720A3EDA700E3CC42 /* RedditAppTests.xctest */,
				76D3FED220A3EDA700E3CC42 /* RedditAppUITests.xctest */,
			);
			name = Products;
			sourceTree = "<group>";
		};
		76D3FEB520A3EDA600E3CC42 /* Reddit App */ = {
			isa = PBXGroup;
			children = (
				76D3FEC220A3EDA700E3CC42 /* Info.plist */,
				76D3FEB620A3EDA600E3CC42 /* AppDelegate.swift */,
				76D3FEBD20A3EDA700E3CC42 /* Assets.xcassets */,
				767F6DD020B8025E005BE29E /* Models */,
				767F6DD520B80444005BE29E /* Views */,
				76D3FEE720A430C100E3CC42 /* Controllers */,
				767F6DD820B80FC3005BE29E /* API */,
				76D3FEE620A430A300E3CC42 /* Other Functions */,
				76F237E320B15CAB00C0DE3F /* UI Design */,
			);
			path = "Reddit App";
			sourceTree = "<group>";
		};
		76D3FECA20A3EDA700E3CC42 /* Reddit AppTests */ = {
			isa = PBXGroup;
			children = (
				76D3FECB20A3EDA700E3CC42 /* Reddit_AppTests.swift */,
				76D3FECD20A3EDA700E3CC42 /* Info.plist */,
			);
			path = "Reddit AppTests";
			sourceTree = "<group>";
		};
		76D3FED520A3EDA700E3CC42 /* Reddit AppUITests */ = {
			isa = PBXGroup;
			children = (
				76D3FED620A3EDA700E3CC42 /* Reddit_AppUITests.swift */,
				76D3FED820A3EDA700E3CC42 /* Info.plist */,
			);
			path = "Reddit AppUITests";
			sourceTree = "<group>";
		};
		76D3FEE620A430A300E3CC42 /* Other Functions */ = {
			isa = PBXGroup;
			children = (
				76F662FA20AC33EE002DE0F0 /* DateFunctions.swift */,
				767F6DD920B8100D005BE29E /* DispatchQueueFunction.swift */,
			);
			path = "Other Functions";
			sourceTree = "<group>";
		};
		76D3FEE720A430C100E3CC42 /* Controllers */ = {
			isa = PBXGroup;
			children = (
				76D3FEB820A3EDA600E3CC42 /* CollectionViewController.swift */,
				76E0220020B426C30053456C /* SearchViewController.swift */,
			);
			path = Controllers;
			sourceTree = "<group>";
		};
		76F237E320B15CAB00C0DE3F /* UI Design */ = {
			isa = PBXGroup;
			children = (
				767F6DD720B80599005BE29E /* Storyboards */,
				767F6DD620B80572005BE29E /* XIBs */,
			);
			path = "UI Design";
			sourceTree = "<group>";
		};
		FE2B37634B917031DA868294 /* Pods */ = {
			isa = PBXGroup;
			children = (
				050A9CB6AC382DE77203C7BC /* Pods-RedditApp.debug.xcconfig */,
				1A8041336051634506815FE2 /* Pods-RedditApp.release.xcconfig */,
				3F4B9F579F2F1C7A1DF06C3B /* Pods-RedditAppTests.debug.xcconfig */,
				40D091F0D83B323E935A7E30 /* Pods-RedditAppTests.release.xcconfig */,
				8ADCCA721B776E4E30E057D2 /* Pods-RedditAppUITests.debug.xcconfig */,
				AF9A679D1C5EE9358B78656D /* Pods-RedditAppUITests.release.xcconfig */,
			);
			name = Pods;
			sourceTree = "<group>";
		};
/* End PBXGroup section */

/* Begin PBXNativeTarget section */
		76D3FEB220A3EDA600E3CC42 /* RedditApp */ = {
			isa = PBXNativeTarget;
			buildConfigurationList = 76D3FEDB20A3EDA700E3CC42 /* Build configuration list for PBXNativeTarget "RedditApp" */;
			buildPhases = (
				63E9DB8D55BEED6664D4CE39 /* [CP] Check Pods Manifest.lock */,
				76D3FEAF20A3EDA600E3CC42 /* Sources */,
				76D3FEB020A3EDA600E3CC42 /* Frameworks */,
				76D3FEB120A3EDA600E3CC42 /* Resources */,
				775759147FC1576563323588 /* [CP] Embed Pods Frameworks */,
			);
			buildRules = (
			);
			dependencies = (
			);
			name = RedditApp;
			productName = "Reddit App";
			productReference = 76D3FEB320A3EDA600E3CC42 /* RedditApp.app */;
			productType = "com.apple.product-type.application";
		};
		76D3FEC620A3EDA700E3CC42 /* RedditAppTests */ = {
			isa = PBXNativeTarget;
			buildConfigurationList = 76D3FEDE20A3EDA700E3CC42 /* Build configuration list for PBXNativeTarget "RedditAppTests" */;
			buildPhases = (
				4B4087CABB67518C09ED815C /* [CP] Check Pods Manifest.lock */,
				76D3FEC320A3EDA700E3CC42 /* Sources */,
				76D3FEC420A3EDA700E3CC42 /* Frameworks */,
				76D3FEC520A3EDA700E3CC42 /* Resources */,
			);
			buildRules = (
			);
			dependencies = (
				76D3FEC920A3EDA700E3CC42 /* PBXTargetDependency */,
			);
			name = RedditAppTests;
			productName = "Reddit AppTests";
			productReference = 76D3FEC720A3EDA700E3CC42 /* RedditAppTests.xctest */;
			productType = "com.apple.product-type.bundle.unit-test";
		};
		76D3FED120A3EDA700E3CC42 /* RedditAppUITests */ = {
			isa = PBXNativeTarget;
			buildConfigurationList = 76D3FEE120A3EDA700E3CC42 /* Build configuration list for PBXNativeTarget "RedditAppUITests" */;
			buildPhases = (
				35F46B1AD9231C2DABF55E02 /* [CP] Check Pods Manifest.lock */,
				76D3FECE20A3EDA700E3CC42 /* Sources */,
				76D3FECF20A3EDA700E3CC42 /* Frameworks */,
				76D3FED020A3EDA700E3CC42 /* Resources */,
			);
			buildRules = (
			);
			dependencies = (
				76D3FED420A3EDA700E3CC42 /* PBXTargetDependency */,
			);
			name = RedditAppUITests;
			productName = "Reddit AppUITests";
			productReference = 76D3FED220A3EDA700E3CC42 /* RedditAppUITests.xctest */;
			productType = "com.apple.product-type.bundle.ui-testing";
		};
/* End PBXNativeTarget section */

/* Begin PBXProject section */
		76D3FEAB20A3EDA600E3CC42 /* Project object */ = {
			isa = PBXProject;
			attributes = {
				LastSwiftUpdateCheck = 0930;
				LastUpgradeCheck = 0930;
				ORGANIZATIONNAME = "Jemimah Beryl M. Sai";
				TargetAttributes = {
					76D3FEB220A3EDA600E3CC42 = {
						CreatedOnToolsVersion = 9.3;
					};
					76D3FEC620A3EDA700E3CC42 = {
						CreatedOnToolsVersion = 9.3;
						TestTargetID = 76D3FEB220A3EDA600E3CC42;
					};
					76D3FED120A3EDA700E3CC42 = {
						CreatedOnToolsVersion = 9.3;
						TestTargetID = 76D3FEB220A3EDA600E3CC42;
					};
				};
			};
			buildConfigurationList = 76D3FEAE20A3EDA600E3CC42 /* Build configuration list for PBXProject "RedditApp" */;
			compatibilityVersion = "Xcode 9.3";
			developmentRegion = en;
			hasScannedForEncodings = 0;
			knownRegions = (
				en,
				Base,
			);
			mainGroup = 76D3FEAA20A3EDA600E3CC42;
			productRefGroup = 76D3FEB420A3EDA600E3CC42 /* Products */;
			projectDirPath = "";
			projectRoot = "";
			targets = (
				76D3FEB220A3EDA600E3CC42 /* RedditApp */,
				76D3FEC620A3EDA700E3CC42 /* RedditAppTests */,
				76D3FED120A3EDA700E3CC42 /* RedditAppUITests */,
			);
		};
/* End PBXProject section */

/* Begin PBXResourcesBuildPhase section */
		76D3FEB120A3EDA600E3CC42 /* Resources */ = {
			isa = PBXResourcesBuildPhase;
			buildActionMask = 2147483647;
			files = (
				76D3FEC120A3EDA700E3CC42 /* LaunchScreen.storyboard in Resources */,
				76D3FEBE20A3EDA700E3CC42 /* Assets.xcassets in Resources */,
				76E0220320B42A390053456C /* SearchResultCell.xib in Resources */,
				76F237EB20B1633C00C0DE3F /* ImageCell.xib in Resources */,
				76F237E720B160C500C0DE3F /* BlueCell.xib in Resources */,
				76F237E920B1631D00C0DE3F /* SubscribeCell.xib in Resources */,
				76D3FEBC20A3EDA600E3CC42 /* Main.storyboard in Resources */,
				76F237E520B15CF000C0DE3F /* YellowCell.xib in Resources */,
			);
			runOnlyForDeploymentPostprocessing = 0;
		};
		76D3FEC520A3EDA700E3CC42 /* Resources */ = {
			isa = PBXResourcesBuildPhase;
			buildActionMask = 2147483647;
			files = (
			);
			runOnlyForDeploymentPostprocessing = 0;
		};
		76D3FED020A3EDA700E3CC42 /* Resources */ = {
			isa = PBXResourcesBuildPhase;
			buildActionMask = 2147483647;
			files = (
			);
			runOnlyForDeploymentPostprocessing = 0;
		};
/* End PBXResourcesBuildPhase section */

/* Begin PBXShellScriptBuildPhase section */
		35F46B1AD9231C2DABF55E02 /* [CP] Check Pods Manifest.lock */ = {
			isa = PBXShellScriptBuildPhase;
			buildActionMask = 2147483647;
			files = (
			);
			inputPaths = (
				"${PODS_PODFILE_DIR_PATH}/Podfile.lock",
				"${PODS_ROOT}/Manifest.lock",
			);
			name = "[CP] Check Pods Manifest.lock";
			outputPaths = (
				"$(DERIVED_FILE_DIR)/Pods-RedditAppUITests-checkManifestLockResult.txt",
			);
			runOnlyForDeploymentPostprocessing = 0;
			shellPath = /bin/sh;
			shellScript = "diff \"${PODS_PODFILE_DIR_PATH}/Podfile.lock\" \"${PODS_ROOT}/Manifest.lock\" > /dev/null\nif [ $? != 0 ] ; then\n    # print error to STDERR\n    echo \"error: The sandbox is not in sync with the Podfile.lock. Run 'pod install' or update your CocoaPods installation.\" >&2\n    exit 1\nfi\n# This output is used by Xcode 'outputs' to avoid re-running this script phase.\necho \"SUCCESS\" > \"${SCRIPT_OUTPUT_FILE_0}\"\n";
			showEnvVarsInLog = 0;
		};
		4B4087CABB67518C09ED815C /* [CP] Check Pods Manifest.lock */ = {
			isa = PBXShellScriptBuildPhase;
			buildActionMask = 2147483647;
			files = (
			);
			inputPaths = (
				"${PODS_PODFILE_DIR_PATH}/Podfile.lock",
				"${PODS_ROOT}/Manifest.lock",
			);
			name = "[CP] Check Pods Manifest.lock";
			outputPaths = (
				"$(DERIVED_FILE_DIR)/Pods-RedditAppTests-checkManifestLockResult.txt",
			);
			runOnlyForDeploymentPostprocessing = 0;
			shellPath = /bin/sh;
			shellScript = "diff \"${PODS_PODFILE_DIR_PATH}/Podfile.lock\" \"${PODS_ROOT}/Manifest.lock\" > /dev/null\nif [ $? != 0 ] ; then\n    # print error to STDERR\n    echo \"error: The sandbox is not in sync with the Podfile.lock. Run 'pod install' or update your CocoaPods installation.\" >&2\n    exit 1\nfi\n# This output is used by Xcode 'outputs' to avoid re-running this script phase.\necho \"SUCCESS\" > \"${SCRIPT_OUTPUT_FILE_0}\"\n";
			showEnvVarsInLog = 0;
		};
		63E9DB8D55BEED6664D4CE39 /* [CP] Check Pods Manifest.lock */ = {
			isa = PBXShellScriptBuildPhase;
			buildActionMask = 2147483647;
			files = (
			);
			inputPaths = (
				"${PODS_PODFILE_DIR_PATH}/Podfile.lock",
				"${PODS_ROOT}/Manifest.lock",
			);
			name = "[CP] Check Pods Manifest.lock";
			outputPaths = (
				"$(DERIVED_FILE_DIR)/Pods-RedditApp-checkManifestLockResult.txt",
			);
			runOnlyForDeploymentPostprocessing = 0;
			shellPath = /bin/sh;
			shellScript = "diff \"${PODS_PODFILE_DIR_PATH}/Podfile.lock\" \"${PODS_ROOT}/Manifest.lock\" > /dev/null\nif [ $? != 0 ] ; then\n    # print error to STDERR\n    echo \"error: The sandbox is not in sync with the Podfile.lock. Run 'pod install' or update your CocoaPods installation.\" >&2\n    exit 1\nfi\n# This output is used by Xcode 'outputs' to avoid re-running this script phase.\necho \"SUCCESS\" > \"${SCRIPT_OUTPUT_FILE_0}\"\n";
			showEnvVarsInLog = 0;
		};
		775759147FC1576563323588 /* [CP] Embed Pods Frameworks */ = {
			isa = PBXShellScriptBuildPhase;
			buildActionMask = 2147483647;
			files = (
			);
			inputPaths = (
				"${SRCROOT}/Pods/Target Support Files/Pods-RedditApp/Pods-RedditApp-frameworks.sh",
				"${BUILT_PRODUCTS_DIR}/Alamofire/Alamofire.framework",
				"${BUILT_PRODUCTS_DIR}/SwiftyJSON/SwiftyJSON.framework",
			);
			name = "[CP] Embed Pods Frameworks";
			outputPaths = (
				"${TARGET_BUILD_DIR}/${FRAMEWORKS_FOLDER_PATH}/Alamofire.framework",
				"${TARGET_BUILD_DIR}/${FRAMEWORKS_FOLDER_PATH}/SwiftyJSON.framework",
			);
			runOnlyForDeploymentPostprocessing = 0;
			shellPath = /bin/sh;
			shellScript = "\"${SRCROOT}/Pods/Target Support Files/Pods-RedditApp/Pods-RedditApp-frameworks.sh\"\n";
			showEnvVarsInLog = 0;
		};
/* End PBXShellScriptBuildPhase section */

/* Begin PBXSourcesBuildPhase section */
		76D3FEAF20A3EDA600E3CC42 /* Sources */ = {
			isa = PBXSourcesBuildPhase;
			buildActionMask = 2147483647;
			files = (
				767F6DDA20B8100D005BE29E /* DispatchQueueFunction.swift in Sources */,
				767F6DDC20B8107C005BE29E /* TableViewCells.swift in Sources */,
				76F662FB20AC33EE002DE0F0 /* DateFunctions.swift in Sources */,
				76F662F920ABF08B002DE0F0 /* JSONDataStore.swift in Sources */,
				76E0220120B426C30053456C /* SearchViewController.swift in Sources */,
				76D3FEF020A44C7F00E3CC42 /* CollectionViewCells.swift in Sources */,
				76D3FEB920A3EDA600E3CC42 /* CollectionViewController.swift in Sources */,
				767F6DD420B8032A005BE29E /* PostData.swift in Sources */,
				76D3FEB720A3EDA600E3CC42 /* AppDelegate.swift in Sources */,
				767F6DD220B802A4005BE29E /* SubRedditData.swift in Sources */,
				76F662F520ABB890002DE0F0 /* JSONConstants.swift in Sources */,
				7685EFAE20A534EF0092EDAB /* IBDesignables+SnappingFlowLayout.swift in Sources */,
			);
			runOnlyForDeploymentPostprocessing = 0;
		};
		76D3FEC320A3EDA700E3CC42 /* Sources */ = {
			isa = PBXSourcesBuildPhase;
			buildActionMask = 2147483647;
			files = (
				76D3FECC20A3EDA700E3CC42 /* Reddit_AppTests.swift in Sources */,
			);
			runOnlyForDeploymentPostprocessing = 0;
		};
		76D3FECE20A3EDA700E3CC42 /* Sources */ = {
			isa = PBXSourcesBuildPhase;
			buildActionMask = 2147483647;
			files = (
				76D3FED720A3EDA700E3CC42 /* Reddit_AppUITests.swift in Sources */,
			);
			runOnlyForDeploymentPostprocessing = 0;
		};
/* End PBXSourcesBuildPhase section */

/* Begin PBXTargetDependency section */
		76D3FEC920A3EDA700E3CC42 /* PBXTargetDependency */ = {
			isa = PBXTargetDependency;
			target = 76D3FEB220A3EDA600E3CC42 /* RedditApp */;
			targetProxy = 76D3FEC820A3EDA700E3CC42 /* PBXContainerItemProxy */;
		};
		76D3FED420A3EDA700E3CC42 /* PBXTargetDependency */ = {
			isa = PBXTargetDependency;
			target = 76D3FEB220A3EDA600E3CC42 /* RedditApp */;
			targetProxy = 76D3FED320A3EDA700E3CC42 /* PBXContainerItemProxy */;
		};
/* End PBXTargetDependency section */

/* Begin PBXVariantGroup section */
		76D3FEBA20A3EDA600E3CC42 /* Main.storyboard */ = {
			isa = PBXVariantGroup;
			children = (
				76D3FEBB20A3EDA600E3CC42 /* Base */,
			);
			name = Main.storyboard;
			sourceTree = "<group>";
		};
		76D3FEBF20A3EDA700E3CC42 /* LaunchScreen.storyboard */ = {
			isa = PBXVariantGroup;
			children = (
				76D3FEC020A3EDA700E3CC42 /* Base */,
			);
			name = LaunchScreen.storyboard;
			sourceTree = "<group>";
		};
/* End PBXVariantGroup section */

/* Begin XCBuildConfiguration section */
		76D3FED920A3EDA700E3CC42 /* Debug */ = {
			isa = XCBuildConfiguration;
			buildSettings = {
				ALWAYS_SEARCH_USER_PATHS = NO;
				CLANG_ANALYZER_NONNULL = YES;
				CLANG_ANALYZER_NUMBER_OBJECT_CONVERSION = YES_AGGRESSIVE;
				CLANG_CXX_LANGUAGE_STANDARD = "gnu++14";
				CLANG_CXX_LIBRARY = "libc++";
				CLANG_ENABLE_MODULES = YES;
				CLANG_ENABLE_OBJC_ARC = YES;
				CLANG_ENABLE_OBJC_WEAK = YES;
				CLANG_WARN_BLOCK_CAPTURE_AUTORELEASING = YES;
				CLANG_WARN_BOOL_CONVERSION = YES;
				CLANG_WARN_COMMA = YES;
				CLANG_WARN_CONSTANT_CONVERSION = YES;
				CLANG_WARN_DEPRECATED_OBJC_IMPLEMENTATIONS = YES;
				CLANG_WARN_DIRECT_OBJC_ISA_USAGE = YES_ERROR;
				CLANG_WARN_DOCUMENTATION_COMMENTS = YES;
				CLANG_WARN_EMPTY_BODY = YES;
				CLANG_WARN_ENUM_CONVERSION = YES;
				CLANG_WARN_INFINITE_RECURSION = YES;
				CLANG_WARN_INT_CONVERSION = YES;
				CLANG_WARN_NON_LITERAL_NULL_CONVERSION = YES;
				CLANG_WARN_OBJC_IMPLICIT_RETAIN_SELF = YES;
				CLANG_WARN_OBJC_LITERAL_CONVERSION = YES;
				CLANG_WARN_OBJC_ROOT_CLASS = YES_ERROR;
				CLANG_WARN_RANGE_LOOP_ANALYSIS = YES;
				CLANG_WARN_STRICT_PROTOTYPES = YES;
				CLANG_WARN_SUSPICIOUS_MOVE = YES;
				CLANG_WARN_UNGUARDED_AVAILABILITY = YES_AGGRESSIVE;
				CLANG_WARN_UNREACHABLE_CODE = YES;
				CLANG_WARN__DUPLICATE_METHOD_MATCH = YES;
				CODE_SIGN_IDENTITY = "iPhone Developer";
				COPY_PHASE_STRIP = NO;
				DEBUG_INFORMATION_FORMAT = dwarf;
				ENABLE_STRICT_OBJC_MSGSEND = YES;
				ENABLE_TESTABILITY = YES;
				GCC_C_LANGUAGE_STANDARD = gnu11;
				GCC_DYNAMIC_NO_PIC = NO;
				GCC_NO_COMMON_BLOCKS = YES;
				GCC_OPTIMIZATION_LEVEL = 0;
				GCC_PREPROCESSOR_DEFINITIONS = (
					"DEBUG=1",
					"$(inherited)",
				);
				GCC_WARN_64_TO_32_BIT_CONVERSION = YES;
				GCC_WARN_ABOUT_RETURN_TYPE = YES_ERROR;
				GCC_WARN_UNDECLARED_SELECTOR = YES;
				GCC_WARN_UNINITIALIZED_AUTOS = YES_AGGRESSIVE;
				GCC_WARN_UNUSED_FUNCTION = YES;
				GCC_WARN_UNUSED_VARIABLE = YES;
				IPHONEOS_DEPLOYMENT_TARGET = 11.3;
				MTL_ENABLE_DEBUG_INFO = YES;
				ONLY_ACTIVE_ARCH = YES;
				SDKROOT = iphoneos;
				SWIFT_ACTIVE_COMPILATION_CONDITIONS = DEBUG;
				SWIFT_OPTIMIZATION_LEVEL = "-Onone";
			};
			name = Debug;
		};
		76D3FEDA20A3EDA700E3CC42 /* Release */ = {
			isa = XCBuildConfiguration;
			buildSettings = {
				ALWAYS_SEARCH_USER_PATHS = NO;
				CLANG_ANALYZER_NONNULL = YES;
				CLANG_ANALYZER_NUMBER_OBJECT_CONVERSION = YES_AGGRESSIVE;
				CLANG_CXX_LANGUAGE_STANDARD = "gnu++14";
				CLANG_CXX_LIBRARY = "libc++";
				CLANG_ENABLE_MODULES = YES;
				CLANG_ENABLE_OBJC_ARC = YES;
				CLANG_ENABLE_OBJC_WEAK = YES;
				CLANG_WARN_BLOCK_CAPTURE_AUTORELEASING = YES;
				CLANG_WARN_BOOL_CONVERSION = YES;
				CLANG_WARN_COMMA = YES;
				CLANG_WARN_CONSTANT_CONVERSION = YES;
				CLANG_WARN_DEPRECATED_OBJC_IMPLEMENTATIONS = YES;
				CLANG_WARN_DIRECT_OBJC_ISA_USAGE = YES_ERROR;
				CLANG_WARN_DOCUMENTATION_COMMENTS = YES;
				CLANG_WARN_EMPTY_BODY = YES;
				CLANG_WARN_ENUM_CONVERSION = YES;
				CLANG_WARN_INFINITE_RECURSION = YES;
				CLANG_WARN_INT_CONVERSION = YES;
				CLANG_WARN_NON_LITERAL_NULL_CONVERSION = YES;
				CLANG_WARN_OBJC_IMPLICIT_RETAIN_SELF = YES;
				CLANG_WARN_OBJC_LITERAL_CONVERSION = YES;
				CLANG_WARN_OBJC_ROOT_CLASS = YES_ERROR;
				CLANG_WARN_RANGE_LOOP_ANALYSIS = YES;
				CLANG_WARN_STRICT_PROTOTYPES = YES;
				CLANG_WARN_SUSPICIOUS_MOVE = YES;
				CLANG_WARN_UNGUARDED_AVAILABILITY = YES_AGGRESSIVE;
				CLANG_WARN_UNREACHABLE_CODE = YES;
				CLANG_WARN__DUPLICATE_METHOD_MATCH = YES;
				CODE_SIGN_IDENTITY = "iPhone Developer";
				COPY_PHASE_STRIP = NO;
				DEBUG_INFORMATION_FORMAT = "dwarf-with-dsym";
				ENABLE_NS_ASSERTIONS = NO;
				ENABLE_STRICT_OBJC_MSGSEND = YES;
				GCC_C_LANGUAGE_STANDARD = gnu11;
				GCC_NO_COMMON_BLOCKS = YES;
				GCC_WARN_64_TO_32_BIT_CONVERSION = YES;
				GCC_WARN_ABOUT_RETURN_TYPE = YES_ERROR;
				GCC_WARN_UNDECLARED_SELECTOR = YES;
				GCC_WARN_UNINITIALIZED_AUTOS = YES_AGGRESSIVE;
				GCC_WARN_UNUSED_FUNCTION = YES;
				GCC_WARN_UNUSED_VARIABLE = YES;
				IPHONEOS_DEPLOYMENT_TARGET = 11.3;
				MTL_ENABLE_DEBUG_INFO = NO;
				SDKROOT = iphoneos;
				SWIFT_COMPILATION_MODE = wholemodule;
				SWIFT_OPTIMIZATION_LEVEL = "-O";
				VALIDATE_PRODUCT = YES;
			};
			name = Release;
		};
		76D3FEDC20A3EDA700E3CC42 /* Debug */ = {
			isa = XCBuildConfiguration;
			baseConfigurationReference = 050A9CB6AC382DE77203C7BC /* Pods-RedditApp.debug.xcconfig */;
			buildSettings = {
				ASSETCATALOG_COMPILER_APPICON_NAME = AppIcon;
				CODE_SIGN_STYLE = Automatic;
				DEVELOPMENT_TEAM = JTGYX74X92;
				INFOPLIST_FILE = "Reddit App/Info.plist";
				LD_RUNPATH_SEARCH_PATHS = (
					"$(inherited)",
					"@executable_path/Frameworks",
				);
				PRODUCT_BUNDLE_IDENTIFIER = "com.practice.Reddit-App";
				PRODUCT_NAME = "$(TARGET_NAME)";
				SWIFT_VERSION = 4.0;
				TARGETED_DEVICE_FAMILY = "1,2";
			};
			name = Debug;
		};
		76D3FEDD20A3EDA700E3CC42 /* Release */ = {
			isa = XCBuildConfiguration;
			baseConfigurationReference = 1A8041336051634506815FE2 /* Pods-RedditApp.release.xcconfig */;
			buildSettings = {
				ASSETCATALOG_COMPILER_APPICON_NAME = AppIcon;
				CODE_SIGN_STYLE = Automatic;
				DEVELOPMENT_TEAM = JTGYX74X92;
				INFOPLIST_FILE = "Reddit App/Info.plist";
				LD_RUNPATH_SEARCH_PATHS = (
					"$(inherited)",
					"@executable_path/Frameworks",
				);
				PRODUCT_BUNDLE_IDENTIFIER = "com.practice.Reddit-App";
				PRODUCT_NAME = "$(TARGET_NAME)";
				SWIFT_VERSION = 4.0;
				TARGETED_DEVICE_FAMILY = "1,2";
			};
			name = Release;
		};
		76D3FEDF20A3EDA700E3CC42 /* Debug */ = {
			isa = XCBuildConfiguration;
			baseConfigurationReference = 3F4B9F579F2F1C7A1DF06C3B /* Pods-RedditAppTests.debug.xcconfig */;
			buildSettings = {
				ALWAYS_EMBED_SWIFT_STANDARD_LIBRARIES = YES;
				BUNDLE_LOADER = "$(TEST_HOST)";
				CODE_SIGN_STYLE = Automatic;
				DEVELOPMENT_TEAM = JTGYX74X92;
				INFOPLIST_FILE = "Reddit AppTests/Info.plist";
				LD_RUNPATH_SEARCH_PATHS = (
					"$(inherited)",
					"@executable_path/Frameworks",
					"@loader_path/Frameworks",
				);
				PRODUCT_BUNDLE_IDENTIFIER = "com.practice.Reddit-AppTests";
				PRODUCT_NAME = "$(TARGET_NAME)";
				SWIFT_VERSION = 4.0;
				TARGETED_DEVICE_FAMILY = "1,2";
				TEST_HOST = "$(BUILT_PRODUCTS_DIR)/RedditApp.app/RedditApp";
			};
			name = Debug;
		};
		76D3FEE020A3EDA700E3CC42 /* Release */ = {
			isa = XCBuildConfiguration;
			baseConfigurationReference = 40D091F0D83B323E935A7E30 /* Pods-RedditAppTests.release.xcconfig */;
			buildSettings = {
				ALWAYS_EMBED_SWIFT_STANDARD_LIBRARIES = YES;
				BUNDLE_LOADER = "$(TEST_HOST)";
				CODE_SIGN_STYLE = Automatic;
				DEVELOPMENT_TEAM = JTGYX74X92;
				INFOPLIST_FILE = "Reddit AppTests/Info.plist";
				LD_RUNPATH_SEARCH_PATHS = (
					"$(inherited)",
					"@executable_path/Frameworks",
					"@loader_path/Frameworks",
				);
				PRODUCT_BUNDLE_IDENTIFIER = "com.practice.Reddit-AppTests";
				PRODUCT_NAME = "$(TARGET_NAME)";
				SWIFT_VERSION = 4.0;
				TARGETED_DEVICE_FAMILY = "1,2";
				TEST_HOST = "$(BUILT_PRODUCTS_DIR)/RedditApp.app/RedditApp";
			};
			name = Release;
		};
		76D3FEE220A3EDA700E3CC42 /* Debug */ = {
			isa = XCBuildConfiguration;
			baseConfigurationReference = 8ADCCA721B776E4E30E057D2 /* Pods-RedditAppUITests.debug.xcconfig */;
			buildSettings = {
				ALWAYS_EMBED_SWIFT_STANDARD_LIBRARIES = YES;
				CODE_SIGN_STYLE = Automatic;
				DEVELOPMENT_TEAM = JTGYX74X92;
				INFOPLIST_FILE = "Reddit AppUITests/Info.plist";
				LD_RUNPATH_SEARCH_PATHS = (
					"$(inherited)",
					"@executable_path/Frameworks",
					"@loader_path/Frameworks",
				);
				PRODUCT_BUNDLE_IDENTIFIER = "com.practice.Reddit-AppUITests";
				PRODUCT_NAME = "$(TARGET_NAME)";
				SWIFT_VERSION = 4.0;
				TARGETED_DEVICE_FAMILY = "1,2";
				TEST_TARGET_NAME = "Reddit App";
			};
			name = Debug;
		};
		76D3FEE320A3EDA700E3CC42 /* Release */ = {
			isa = XCBuildConfiguration;
			baseConfigurationReference = AF9A679D1C5EE9358B78656D /* Pods-RedditAppUITests.release.xcconfig */;
			buildSettings = {
				ALWAYS_EMBED_SWIFT_STANDARD_LIBRARIES = YES;
				CODE_SIGN_STYLE = Automatic;
				DEVELOPMENT_TEAM = JTGYX74X92;
				INFOPLIST_FILE = "Reddit AppUITests/Info.plist";
				LD_RUNPATH_SEARCH_PATHS = (
					"$(inherited)",
					"@executable_path/Frameworks",
					"@loader_path/Frameworks",
				);
				PRODUCT_BUNDLE_IDENTIFIER = "com.practice.Reddit-AppUITests";
				PRODUCT_NAME = "$(TARGET_NAME)";
				SWIFT_VERSION = 4.0;
				TARGETED_DEVICE_FAMILY = "1,2";
				TEST_TARGET_NAME = "Reddit App";
			};
			name = Release;
		};
/* End XCBuildConfiguration section */

/* Begin XCConfigurationList section */
		76D3FEAE20A3EDA600E3CC42 /* Build configuration list for PBXProject "RedditApp" */ = {
			isa = XCConfigurationList;
			buildConfigurations = (
				76D3FED920A3EDA700E3CC42 /* Debug */,
				76D3FEDA20A3EDA700E3CC42 /* Release */,
			);
			defaultConfigurationIsVisible = 0;
			defaultConfigurationName = Release;
		};
		76D3FEDB20A3EDA700E3CC42 /* Build configuration list for PBXNativeTarget "RedditApp" */ = {
			isa = XCConfigurationList;
			buildConfigurations = (
				76D3FEDC20A3EDA700E3CC42 /* Debug */,
				76D3FEDD20A3EDA700E3CC42 /* Release */,
			);
			defaultConfigurationIsVisible = 0;
			defaultConfigurationName = Release;
		};
		76D3FEDE20A3EDA700E3CC42 /* Build configuration list for PBXNativeTarget "RedditAppTests" */ = {
			isa = XCConfigurationList;
			buildConfigurations = (
				76D3FEDF20A3EDA700E3CC42 /* Debug */,
				76D3FEE020A3EDA700E3CC42 /* Release */,
			);
			defaultConfigurationIsVisible = 0;
			defaultConfigurationName = Release;
		};
		76D3FEE120A3EDA700E3CC42 /* Build configuration list for PBXNativeTarget "RedditAppUITests" */ = {
			isa = XCConfigurationList;
			buildConfigurations = (
				76D3FEE220A3EDA700E3CC42 /* Debug */,
				76D3FEE320A3EDA700E3CC42 /* Release */,
			);
			defaultConfigurationIsVisible = 0;
			defaultConfigurationName = Release;
		};
/* End XCConfigurationList section */
	};
	rootObject = 76D3FEAB20A3EDA600E3CC42 /* Project object */;
}
