// !$*UTF8*$!
{
	archiveVersion = 1;
	classes = {
	};
	objectVersion = 50;
	objects = {

/* Begin PBXBuildFile section */
		76D3FEB720A3EDA600E3CC42 /* AppDelegate.swift in Sources */ = {isa = PBXBuildFile; fileRef = 76D3FEB620A3EDA600E3CC42 /* AppDelegate.swift */; };
		76D3FEB920A3EDA600E3CC42 /* ViewController.swift in Sources */ = {isa = PBXBuildFile; fileRef = 76D3FEB820A3EDA600E3CC42 /* ViewController.swift */; };
		76D3FEBC20A3EDA600E3CC42 /* Main.storyboard in Resources */ = {isa = PBXBuildFile; fileRef = 76D3FEBA20A3EDA600E3CC42 /* Main.storyboard */; };
		76D3FEBE20A3EDA700E3CC42 /* Assets.xcassets in Resources */ = {isa = PBXBuildFile; fileRef = 76D3FEBD20A3EDA700E3CC42 /* Assets.xcassets */; };
		76D3FEC120A3EDA700E3CC42 /* LaunchScreen.storyboard in Resources */ = {isa = PBXBuildFile; fileRef = 76D3FEBF20A3EDA700E3CC42 /* LaunchScreen.storyboard */; };
		76D3FECC20A3EDA700E3CC42 /* Reddit_AppTests.swift in Sources */ = {isa = PBXBuildFile; fileRef = 76D3FECB20A3EDA700E3CC42 /* Reddit_AppTests.swift */; };
		76D3FED720A3EDA700E3CC42 /* Reddit_AppUITests.swift in Sources */ = {isa = PBXBuildFile; fileRef = 76D3FED620A3EDA700E3CC42 /* Reddit_AppUITests.swift */; };
/* End PBXBuildFile section */

/* Begin PBXContainerItemProxy section */
		76D3FEC820A3EDA700E3CC42 /* PBXContainerItemProxy */ = {
			isa = PBXContainerItemProxy;
			containerPortal = 76D3FEAB20A3EDA600E3CC42 /* Project object */;
			proxyType = 1;
			remoteGlobalIDString = 76D3FEB220A3EDA600E3CC42;
			remoteInfo = "Reddit App";
		};
		76D3FED320A3EDA700E3CC42 /* PBXContainerItemProxy */ = {
			isa = PBXContainerItemProxy;
			containerPortal = 76D3FEAB20A3EDA600E3CC42 /* Project object */;
			proxyType = 1;
			remoteGlobalIDString = 76D3FEB220A3EDA600E3CC42;
			remoteInfo = "Reddit App";
		};
/* End PBXContainerItemProxy section */

/* Begin PBXFileReference section */
		76D3FEB320A3EDA600E3CC42 /* Reddit App.app */ = {isa = PBXFileReference; explicitFileType = wrapper.application; includeInIndex = 0; path = "Reddit App.app"; sourceTree = BUILT_PRODUCTS_DIR; };
		76D3FEB620A3EDA600E3CC42 /* AppDelegate.swift */ = {isa = PBXFileReference; lastKnownFileType = sourcecode.swift; path = AppDelegate.swift; sourceTree = "<group>"; };
		76D3FEB820A3EDA600E3CC42 /* ViewController.swift */ = {isa = PBXFileReference; lastKnownFileType = sourcecode.swift; path = ViewController.swift; sourceTree = "<group>"; };
		76D3FEBB20A3EDA600E3CC42 /* Base */ = {isa = PBXFileReference; lastKnownFileType = file.storyboard; name = Base; path = Base.lproj/Main.storyboard; sourceTree = "<group>"; };
		76D3FEBD20A3EDA700E3CC42 /* Assets.xcassets */ = {isa = PBXFileReference; lastKnownFileType = folder.assetcatalog; path = Assets.xcassets; sourceTree = "<group>"; };
		76D3FEC020A3EDA700E3CC42 /* Base */ = {isa = PBXFileReference; lastKnownFileType = file.storyboard; name = Base; path = Base.lproj/LaunchScreen.storyboard; sourceTree = "<group>"; };
		76D3FEC220A3EDA700E3CC42 /* Info.plist */ = {isa = PBXFileReference; lastKnownFileType = text.plist.xml; path = Info.plist; sourceTree = "<group>"; };
		76D3FEC720A3EDA700E3CC42 /* Reddit AppTests.xctest */ = {isa = PBXFileReference; explicitFileType = wrapper.cfbundle; includeInIndex = 0; path = "Reddit AppTests.xctest"; sourceTree = BUILT_PRODUCTS_DIR; };
		76D3FECB20A3EDA700E3CC42 /* Reddit_AppTests.swift */ = {isa = PBXFileReference; lastKnownFileType = sourcecode.swift; path = Reddit_AppTests.swift; sourceTree = "<group>"; };
		76D3FECD20A3EDA700E3CC42 /* Info.plist */ = {isa = PBXFileReference; lastKnownFileType = text.plist.xml; path = Info.plist; sourceTree = "<group>"; };
		76D3FED220A3EDA700E3CC42 /* Reddit AppUITests.xctest */ = {isa = PBXFileReference; explicitFileType = wrapper.cfbundle; includeInIndex = 0; path = "Reddit AppUITests.xctest"; sourceTree = BUILT_PRODUCTS_DIR; };
		76D3FED620A3EDA700E3CC42 /* Reddit_AppUITests.swift */ = {isa = PBXFileReference; lastKnownFileType = sourcecode.swift; path = Reddit_AppUITests.swift; sourceTree = "<group>"; };
		76D3FED820A3EDA700E3CC42 /* Info.plist */ = {isa = PBXFileReference; lastKnownFileType = text.plist.xml; path = Info.plist; sourceTree = "<group>"; };
/* End PBXFileReference section */

/* Begin PBXFrameworksBuildPhase section */
		76D3FEB020A3EDA600E3CC42 /* Frameworks */ = {
			isa = PBXFrameworksBuildPhase;
			buildActionMask = 2147483647;
			files = (
			);
			runOnlyForDeploymentPostprocessing = 0;
		};
		76D3FEC420A3EDA700E3CC42 /* Frameworks */ = {
			isa = PBXFrameworksBuildPhase;
			buildActionMask = 2147483647;
			files = (
			);
			runOnlyForDeploymentPostprocessing = 0;
		};
		76D3FECF20A3EDA700E3CC42 /* Frameworks */ = {
			isa = PBXFrameworksBuildPhase;
			buildActionMask = 2147483647;
			files = (
			);
			runOnlyForDeploymentPostprocessing = 0;
		};
/* End PBXFrameworksBuildPhase section */

/* Begin PBXGroup section */
		76D3FEAA20A3EDA600E3CC42 = {
			isa = PBXGroup;
			children = (
				76D3FEB520A3EDA600E3CC42 /* Reddit App */,
				76D3FECA20A3EDA700E3CC42 /* Reddit AppTests */,
				76D3FED520A3EDA700E3CC42 /* Reddit AppUITests */,
				76D3FEB420A3EDA600E3CC42 /* Products */,
			);
			sourceTree = "<group>";
		};
		76D3FEB420A3EDA600E3CC42 /* Products */ = {
			isa = PBXGroup;
			children = (
				76D3FEB320A3EDA600E3CC42 /* Reddit App.app */,
				76D3FEC720A3EDA700E3CC42 /* Reddit AppTests.xctest */,
				76D3FED220A3EDA700E3CC42 /* Reddit AppUITests.xctest */,
			);
			name = Products;
			sourceTree = "<group>";
		};
		76D3FEB520A3EDA600E3CC42 /* Reddit App */ = {
			isa = PBXGroup;
			children = (
				76D3FEB620A3EDA600E3CC42 /* AppDelegate.swift */,
				76D3FEB820A3EDA600E3CC42 /* ViewController.swift */,
				76D3FEBA20A3EDA600E3CC42 /* Main.storyboard */,
				76D3FEBD20A3EDA700E3CC42 /* Assets.xcassets */,
				76D3FEBF20A3EDA700E3CC42 /* LaunchScreen.storyboard */,
				76D3FEC220A3EDA700E3CC42 /* Info.plist */,
			);
			path = "Reddit App";
			sourceTree = "<group>";
		};
		76D3FECA20A3EDA700E3CC42 /* Reddit AppTests */ = {
			isa = PBXGroup;
			children = (
				76D3FECB20A3EDA700E3CC42 /* Reddit_AppTests.swift */,
				76D3FECD20A3EDA700E3CC42 /* Info.plist */,
			);
			path = "Reddit AppTests";
			sourceTree = "<group>";
		};
		76D3FED520A3EDA700E3CC42 /* Reddit AppUITests */ = {
			isa = PBXGroup;
			children = (
				76D3FED620A3EDA700E3CC42 /* Reddit_AppUITests.swift */,
				76D3FED820A3EDA700E3CC42 /* Info.plist */,
			);
			path = "Reddit AppUITests";
			sourceTree = "<group>";
		};
/* End PBXGroup section */

/* Begin PBXNativeTarget section */
		76D3FEB220A3EDA600E3CC42 /* Reddit App */ = {
			isa = PBXNativeTarget;
			buildConfigurationList = 76D3FEDB20A3EDA700E3CC42 /* Build configuration list for PBXNativeTarget "Reddit App" */;
			buildPhases = (
				76D3FEAF20A3EDA600E3CC42 /* Sources */,
				76D3FEB020A3EDA600E3CC42 /* Frameworks */,
				76D3FEB120A3EDA600E3CC42 /* Resources */,
			);
			buildRules = (
			);
			dependencies = (
			);
			name = "Reddit App";
			productName = "Reddit App";
			productReference = 76D3FEB320A3EDA600E3CC42 /* Reddit App.app */;
			productType = "com.apple.product-type.application";
		};
		76D3FEC620A3EDA700E3CC42 /* Reddit AppTests */ = {
			isa = PBXNativeTarget;
			buildConfigurationList = 76D3FEDE20A3EDA700E3CC42 /* Build configuration list for PBXNativeTarget "Reddit AppTests" */;
			buildPhases = (
				76D3FEC320A3EDA700E3CC42 /* Sources */,
				76D3FEC420A3EDA700E3CC42 /* Frameworks */,
				76D3FEC520A3EDA700E3CC42 /* Resources */,
			);
			buildRules = (
			);
			dependencies = (
				76D3FEC920A3EDA700E3CC42 /* PBXTargetDependency */,
			);
			name = "Reddit AppTests";
			productName = "Reddit AppTests";
			productReference = 76D3FEC720A3EDA700E3CC42 /* Reddit AppTests.xctest */;
			productType = "com.apple.product-type.bundle.unit-test";
		};
		76D3FED120A3EDA700E3CC42 /* Reddit AppUITests */ = {
			isa = PBXNativeTarget;
			buildConfigurationList = 76D3FEE120A3EDA700E3CC42 /* Build configuration list for PBXNativeTarget "Reddit AppUITests" */;
			buildPhases = (
				76D3FECE20A3EDA700E3CC42 /* Sources */,
				76D3FECF20A3EDA700E3CC42 /* Frameworks */,
				76D3FED020A3EDA700E3CC42 /* Resources */,
			);
			buildRules = (
			);
			dependencies = (
				76D3FED420A3EDA700E3CC42 /* PBXTargetDependency */,
			);
			name = "Reddit AppUITests";
			productName = "Reddit AppUITests";
			productReference = 76D3FED220A3EDA700E3CC42 /* Reddit AppUITests.xctest */;
			productType = "com.apple.product-type.bundle.ui-testing";
		};
/* End PBXNativeTarget section */

/* Begin PBXProject section */
		76D3FEAB20A3EDA600E3CC42 /* Project object */ = {
			isa = PBXProject;
			attributes = {
				LastSwiftUpdateCheck = 0930;
				LastUpgradeCheck = 0930;
				ORGANIZATIONNAME = "Jemimah Beryl M. Sai";
				TargetAttributes = {
					76D3FEB220A3EDA600E3CC42 = {
						CreatedOnToolsVersion = 9.3;
					};
					76D3FEC620A3EDA700E3CC42 = {
						CreatedOnToolsVersion = 9.3;
						TestTargetID = 76D3FEB220A3EDA600E3CC42;
					};
					76D3FED120A3EDA700E3CC42 = {
						CreatedOnToolsVersion = 9.3;
						TestTargetID = 76D3FEB220A3EDA600E3CC42;
					};
				};
			};
			buildConfigurationList = 76D3FEAE20A3EDA600E3CC42 /* Build configuration list for PBXProject "Reddit App" */;
			compatibilityVersion = "Xcode 9.3";
			developmentRegion = en;
			hasScannedForEncodings = 0;
			knownRegions = (
				en,
				Base,
			);
			mainGroup = 76D3FEAA20A3EDA600E3CC42;
			productRefGroup = 76D3FEB420A3EDA600E3CC42 /* Products */;
			projectDirPath = "";
			projectRoot = "";
			targets = (
				76D3FEB220A3EDA600E3CC42 /* Reddit App */,
				76D3FEC620A3EDA700E3CC42 /* Reddit AppTests */,
				76D3FED120A3EDA700E3CC42 /* Reddit AppUITests */,
			);
		};
/* End PBXProject section */

/* Begin PBXResourcesBuildPhase section */
		76D3FEB120A3EDA600E3CC42 /* Resources */ = {
			isa = PBXResourcesBuildPhase;
			buildActionMask = 2147483647;
			files = (
				76D3FEC120A3EDA700E3CC42 /* LaunchScreen.storyboard in Resources */,
				76D3FEBE20A3EDA700E3CC42 /* Assets.xcassets in Resources */,
				76D3FEBC20A3EDA600E3CC42 /* Main.storyboard in Resources */,
			);
			runOnlyForDeploymentPostprocessing = 0;
		};
		76D3FEC520A3EDA700E3CC42 /* Resources */ = {
			isa = PBXResourcesBuildPhase;
			buildActionMask = 2147483647;
			files = (
			);
			runOnlyForDeploymentPostprocessing = 0;
		};
		76D3FED020A3EDA700E3CC42 /* Resources */ = {
			isa = PBXResourcesBuildPhase;
			buildActionMask = 2147483647;
			files = (
			);
			runOnlyForDeploymentPostprocessing = 0;
		};
/* End PBXResourcesBuildPhase section */

/* Begin PBXSourcesBuildPhase section */
		76D3FEAF20A3EDA600E3CC42 /* Sources */ = {
			isa = PBXSourcesBuildPhase;
			buildActionMask = 2147483647;
			files = (
				76D3FEB920A3EDA600E3CC42 /* ViewController.swift in Sources */,
				76D3FEB720A3EDA600E3CC42 /* AppDelegate.swift in Sources */,
			);
			runOnlyForDeploymentPostprocessing = 0;
		};
		76D3FEC320A3EDA700E3CC42 /* Sources */ = {
			isa = PBXSourcesBuildPhase;
			buildActionMask = 2147483647;
			files = (
				76D3FECC20A3EDA700E3CC42 /* Reddit_AppTests.swift in Sources */,
			);
			runOnlyForDeploymentPostprocessing = 0;
		};
		76D3FECE20A3EDA700E3CC42 /* Sources */ = {
			isa = PBXSourcesBuildPhase;
			buildActionMask = 2147483647;
			files = (
				76D3FED720A3EDA700E3CC42 /* Reddit_AppUITests.swift in Sources */,
			);
			runOnlyForDeploymentPostprocessing = 0;
		};
/* End PBXSourcesBuildPhase section */

/* Begin PBXTargetDependency section */
		76D3FEC920A3EDA700E3CC42 /* PBXTargetDependency */ = {
			isa = PBXTargetDependency;
			target = 76D3FEB220A3EDA600E3CC42 /* Reddit App */;
			targetProxy = 76D3FEC820A3EDA700E3CC42 /* PBXContainerItemProxy */;
		};
		76D3FED420A3EDA700E3CC42 /* PBXTargetDependency */ = {
			isa = PBXTargetDependency;
			target = 76D3FEB220A3EDA600E3CC42 /* Reddit App */;
			targetProxy = 76D3FED320A3EDA700E3CC42 /* PBXContainerItemProxy */;
		};
/* End PBXTargetDependency section */

/* Begin PBXVariantGroup section */
		76D3FEBA20A3EDA600E3CC42 /* Main.storyboard */ = {
			isa = PBXVariantGroup;
			children = (
				76D3FEBB20A3EDA600E3CC42 /* Base */,
			);
			name = Main.storyboard;
			sourceTree = "<group>";
		};
		76D3FEBF20A3EDA700E3CC42 /* LaunchScreen.storyboard */ = {
			isa = PBXVariantGroup;
			children = (
				76D3FEC020A3EDA700E3CC42 /* Base */,
			);
			name = LaunchScreen.storyboard;
			sourceTree = "<group>";
		};
/* End PBXVariantGroup section */

/* Begin XCBuildConfiguration section */
		76D3FED920A3EDA700E3CC42 /* Debug */ = {
			isa = XCBuildConfiguration;
			buildSettings = {
				ALWAYS_SEARCH_USER_PATHS = NO;
				CLANG_ANALYZER_NONNULL = YES;
				CLANG_ANALYZER_NUMBER_OBJECT_CONVERSION = YES_AGGRESSIVE;
				CLANG_CXX_LANGUAGE_STANDARD = "gnu++14";
				CLANG_CXX_LIBRARY = "libc++";
				CLANG_ENABLE_MODULES = YES;
				CLANG_ENABLE_OBJC_ARC = YES;
				CLANG_ENABLE_OBJC_WEAK = YES;
				CLANG_WARN_BLOCK_CAPTURE_AUTORELEASING = YES;
				CLANG_WARN_BOOL_CONVERSION = YES;
				CLANG_WARN_COMMA = YES;
				CLANG_WARN_CONSTANT_CONVERSION = YES;
				CLANG_WARN_DEPRECATED_OBJC_IMPLEMENTATIONS = YES;
				CLANG_WARN_DIRECT_OBJC_ISA_USAGE = YES_ERROR;
				CLANG_WARN_DOCUMENTATION_COMMENTS = YES;
				CLANG_WARN_EMPTY_BODY = YES;
				CLANG_WARN_ENUM_CONVERSION = YES;
				CLANG_WARN_INFINITE_RECURSION = YES;
				CLANG_WARN_INT_CONVERSION = YES;
				CLANG_WARN_NON_LITERAL_NULL_CONVERSION = YES;
				CLANG_WARN_OBJC_IMPLICIT_RETAIN_SELF = YES;
				CLANG_WARN_OBJC_LITERAL_CONVERSION = YES;
				CLANG_WARN_OBJC_ROOT_CLASS = YES_ERROR;
				CLANG_WARN_RANGE_LOOP_ANALYSIS = YES;
				CLANG_WARN_STRICT_PROTOTYPES = YES;
				CLANG_WARN_SUSPICIOUS_MOVE = YES;
				CLANG_WARN_UNGUARDED_AVAILABILITY = YES_AGGRESSIVE;
				CLANG_WARN_UNREACHABLE_CODE = YES;
				CLANG_WARN__DUPLICATE_METHOD_MATCH = YES;
				CODE_SIGN_IDENTITY = "iPhone Developer";
				COPY_PHASE_STRIP = NO;
				DEBUG_INFORMATION_FORMAT = dwarf;
				ENABLE_STRICT_OBJC_MSGSEND = YES;
				ENABLE_TESTABILITY = YES;
				GCC_C_LANGUAGE_STANDARD = gnu11;
				GCC_DYNAMIC_NO_PIC = NO;
				GCC_NO_COMMON_BLOCKS = YES;
				GCC_OPTIMIZATION_LEVEL = 0;
				GCC_PREPROCESSOR_DEFINITIONS = (
					"DEBUG=1",
					"$(inherited)",
				);
				GCC_WARN_64_TO_32_BIT_CONVERSION = YES;
				GCC_WARN_ABOUT_RETURN_TYPE = YES_ERROR;
				GCC_WARN_UNDECLARED_SELECTOR = YES;
				GCC_WARN_UNINITIALIZED_AUTOS = YES_AGGRESSIVE;
				GCC_WARN_UNUSED_FUNCTION = YES;
				GCC_WARN_UNUSED_VARIABLE = YES;
				IPHONEOS_DEPLOYMENT_TARGET = 11.3;
				MTL_ENABLE_DEBUG_INFO = YES;
				ONLY_ACTIVE_ARCH = YES;
				SDKROOT = iphoneos;
				SWIFT_ACTIVE_COMPILATION_CONDITIONS = DEBUG;
				SWIFT_OPTIMIZATION_LEVEL = "-Onone";
			};
			name = Debug;
		};
		76D3FEDA20A3EDA700E3CC42 /* Release */ = {
			isa = XCBuildConfiguration;
			buildSettings = {
				ALWAYS_SEARCH_USER_PATHS = NO;
				CLANG_ANALYZER_NONNULL = YES;
				CLANG_ANALYZER_NUMBER_OBJECT_CONVERSION = YES_AGGRESSIVE;
				CLANG_CXX_LANGUAGE_STANDARD = "gnu++14";
				CLANG_CXX_LIBRARY = "libc++";
				CLANG_ENABLE_MODULES = YES;
				CLANG_ENABLE_OBJC_ARC = YES;
				CLANG_ENABLE_OBJC_WEAK = YES;
				CLANG_WARN_BLOCK_CAPTURE_AUTORELEASING = YES;
				CLANG_WARN_BOOL_CONVERSION = YES;
				CLANG_WARN_COMMA = YES;
				CLANG_WARN_CONSTANT_CONVERSION = YES;
				CLANG_WARN_DEPRECATED_OBJC_IMPLEMENTATIONS = YES;
				CLANG_WARN_DIRECT_OBJC_ISA_USAGE = YES_ERROR;
				CLANG_WARN_DOCUMENTATION_COMMENTS = YES;
				CLANG_WARN_EMPTY_BODY = YES;
				CLANG_WARN_ENUM_CONVERSION = YES;
				CLANG_WARN_INFINITE_RECURSION = YES;
				CLANG_WARN_INT_CONVERSION = YES;
				CLANG_WARN_NON_LITERAL_NULL_CONVERSION = YES;
				CLANG_WARN_OBJC_IMPLICIT_RETAIN_SELF = YES;
				CLANG_WARN_OBJC_LITERAL_CONVERSION = YES;
				CLANG_WARN_OBJC_ROOT_CLASS = YES_ERROR;
				CLANG_WARN_RANGE_LOOP_ANALYSIS = YES;
				CLANG_WARN_STRICT_PROTOTYPES = YES;
				CLANG_WARN_SUSPICIOUS_MOVE = YES;
				CLANG_WARN_UNGUARDED_AVAILABILITY = YES_AGGRESSIVE;
				CLANG_WARN_UNREACHABLE_CODE = YES;
				CLANG_WARN__DUPLICATE_METHOD_MATCH = YES;
				CODE_SIGN_IDENTITY = "iPhone Developer";
				COPY_PHASE_STRIP = NO;
				DEBUG_INFORMATION_FORMAT = "dwarf-with-dsym";
				ENABLE_NS_ASSERTIONS = NO;
				ENABLE_STRICT_OBJC_MSGSEND = YES;
				GCC_C_LANGUAGE_STANDARD = gnu11;
				GCC_NO_COMMON_BLOCKS = YES;
				GCC_WARN_64_TO_32_BIT_CONVERSION = YES;
				GCC_WARN_ABOUT_RETURN_TYPE = YES_ERROR;
				GCC_WARN_UNDECLARED_SELECTOR = YES;
				GCC_WARN_UNINITIALIZED_AUTOS = YES_AGGRESSIVE;
				GCC_WARN_UNUSED_FUNCTION = YES;
				GCC_WARN_UNUSED_VARIABLE = YES;
				IPHONEOS_DEPLOYMENT_TARGET = 11.3;
				MTL_ENABLE_DEBUG_INFO = NO;
				SDKROOT = iphoneos;
				SWIFT_COMPILATION_MODE = wholemodule;
				SWIFT_OPTIMIZATION_LEVEL = "-O";
				VALIDATE_PRODUCT = YES;
			};
			name = Release;
		};
		76D3FEDC20A3EDA700E3CC42 /* Debug */ = {
			isa = XCBuildConfiguration;
			buildSettings = {
				ASSETCATALOG_COMPILER_APPICON_NAME = AppIcon;
				CODE_SIGN_STYLE = Automatic;
				DEVELOPMENT_TEAM = JTGYX74X92;
				INFOPLIST_FILE = "Reddit App/Info.plist";
				LD_RUNPATH_SEARCH_PATHS = (
					"$(inherited)",
					"@executable_path/Frameworks",
				);
				PRODUCT_BUNDLE_IDENTIFIER = "com.practice.Reddit-App";
				PRODUCT_NAME = "$(TARGET_NAME)";
				SWIFT_VERSION = 4.0;
				TARGETED_DEVICE_FAMILY = "1,2";
			};
			name = Debug;
		};
		76D3FEDD20A3EDA700E3CC42 /* Release */ = {
			isa = XCBuildConfiguration;
			buildSettings = {
				ASSETCATALOG_COMPILER_APPICON_NAME = AppIcon;
				CODE_SIGN_STYLE = Automatic;
				DEVELOPMENT_TEAM = JTGYX74X92;
				INFOPLIST_FILE = "Reddit App/Info.plist";
				LD_RUNPATH_SEARCH_PATHS = (
					"$(inherited)",
					"@executable_path/Frameworks",
				);
				PRODUCT_BUNDLE_IDENTIFIER = "com.practice.Reddit-App";
				PRODUCT_NAME = "$(TARGET_NAME)";
				SWIFT_VERSION = 4.0;
				TARGETED_DEVICE_FAMILY = "1,2";
			};
			name = Release;
		};
		76D3FEDF20A3EDA700E3CC42 /* Debug */ = {
			isa = XCBuildConfiguration;
			buildSettings = {
				ALWAYS_EMBED_SWIFT_STANDARD_LIBRARIES = YES;
				BUNDLE_LOADER = "$(TEST_HOST)";
				CODE_SIGN_STYLE = Automatic;
				DEVELOPMENT_TEAM = JTGYX74X92;
				INFOPLIST_FILE = "Reddit AppTests/Info.plist";
				LD_RUNPATH_SEARCH_PATHS = (
					"$(inherited)",
					"@executable_path/Frameworks",
					"@loader_path/Frameworks",
				);
				PRODUCT_BUNDLE_IDENTIFIER = "com.practice.Reddit-AppTests";
				PRODUCT_NAME = "$(TARGET_NAME)";
				SWIFT_VERSION = 4.0;
				TARGETED_DEVICE_FAMILY = "1,2";
				TEST_HOST = "$(BUILT_PRODUCTS_DIR)/Reddit App.app/Reddit App";
			};
			name = Debug;
		};
		76D3FEE020A3EDA700E3CC42 /* Release */ = {
			isa = XCBuildConfiguration;
			buildSettings = {
				ALWAYS_EMBED_SWIFT_STANDARD_LIBRARIES = YES;
				BUNDLE_LOADER = "$(TEST_HOST)";
				CODE_SIGN_STYLE = Automatic;
				DEVELOPMENT_TEAM = JTGYX74X92;
				INFOPLIST_FILE = "Reddit AppTests/Info.plist";
				LD_RUNPATH_SEARCH_PATHS = (
					"$(inherited)",
					"@executable_path/Frameworks",
					"@loader_path/Frameworks",
				);
				PRODUCT_BUNDLE_IDENTIFIER = "com.practice.Reddit-AppTests";
				PRODUCT_NAME = "$(TARGET_NAME)";
				SWIFT_VERSION = 4.0;
				TARGETED_DEVICE_FAMILY = "1,2";
				TEST_HOST = "$(BUILT_PRODUCTS_DIR)/Reddit App.app/Reddit App";
			};
			name = Release;
		};
		76D3FEE220A3EDA700E3CC42 /* Debug */ = {
			isa = XCBuildConfiguration;
			buildSettings = {
				ALWAYS_EMBED_SWIFT_STANDARD_LIBRARIES = YES;
				CODE_SIGN_STYLE = Automatic;
				DEVELOPMENT_TEAM = JTGYX74X92;
				INFOPLIST_FILE = "Reddit AppUITests/Info.plist";
				LD_RUNPATH_SEARCH_PATHS = (
					"$(inherited)",
					"@executable_path/Frameworks",
					"@loader_path/Frameworks",
				);
				PRODUCT_BUNDLE_IDENTIFIER = "com.practice.Reddit-AppUITests";
				PRODUCT_NAME = "$(TARGET_NAME)";
				SWIFT_VERSION = 4.0;
				TARGETED_DEVICE_FAMILY = "1,2";
				TEST_TARGET_NAME = "Reddit App";
			};
			name = Debug;
		};
		76D3FEE320A3EDA700E3CC42 /* Release */ = {
			isa = XCBuildConfiguration;
			buildSettings = {
				ALWAYS_EMBED_SWIFT_STANDARD_LIBRARIES = YES;
				CODE_SIGN_STYLE = Automatic;
				DEVELOPMENT_TEAM = JTGYX74X92;
				INFOPLIST_FILE = "Reddit AppUITests/Info.plist";
				LD_RUNPATH_SEARCH_PATHS = (
					"$(inherited)",
					"@executable_path/Frameworks",
					"@loader_path/Frameworks",
				);
				PRODUCT_BUNDLE_IDENTIFIER = "com.practice.Reddit-AppUITests";
				PRODUCT_NAME = "$(TARGET_NAME)";
				SWIFT_VERSION = 4.0;
				TARGETED_DEVICE_FAMILY = "1,2";
				TEST_TARGET_NAME = "Reddit App";
			};
			name = Release;
		};
/* End XCBuildConfiguration section */

/* Begin XCConfigurationList section */
		76D3FEAE20A3EDA600E3CC42 /* Build configuration list for PBXProject "Reddit App" */ = {
			isa = XCConfigurationList;
			buildConfigurations = (
				76D3FED920A3EDA700E3CC42 /* Debug */,
				76D3FEDA20A3EDA700E3CC42 /* Release */,
			);
			defaultConfigurationIsVisible = 0;
			defaultConfigurationName = Release;
		};
		76D3FEDB20A3EDA700E3CC42 /* Build configuration list for PBXNativeTarget "Reddit App" */ = {
			isa = XCConfigurationList;
			buildConfigurations = (
				76D3FEDC20A3EDA700E3CC42 /* Debug */,
				76D3FEDD20A3EDA700E3CC42 /* Release */,
			);
			defaultConfigurationIsVisible = 0;
			defaultConfigurationName = Release;
		};
		76D3FEDE20A3EDA700E3CC42 /* Build configuration list for PBXNativeTarget "Reddit AppTests" */ = {
			isa = XCConfigurationList;
			buildConfigurations = (
				76D3FEDF20A3EDA700E3CC42 /* Debug */,
				76D3FEE020A3EDA700E3CC42 /* Release */,
			);
			defaultConfigurationIsVisible = 0;
			defaultConfigurationName = Release;
		};
		76D3FEE120A3EDA700E3CC42 /* Build configuration list for PBXNativeTarget "Reddit AppUITests" */ = {
			isa = XCConfigurationList;
			buildConfigurations = (
				76D3FEE220A3EDA700E3CC42 /* Debug */,
				76D3FEE320A3EDA700E3CC42 /* Release */,
			);
			defaultConfigurationIsVisible = 0;
			defaultConfigurationName = Release;
		};
/* End XCConfigurationList section */
	};
	rootObject = 76D3FEAB20A3EDA600E3CC42 /* Project object */;
}
